
Microsoft Visual Studio Solution File, Format Version 12.00
# Visual Studio Version 17
VisualStudioVersion = 17.0.31903.59
MinimumVisualStudioVersion = 10.0.40219.1
Project("{2150E333-8FDC-42A3-9474-1A3956D46DE8}") = "src", "src", "{01D34277-7648-411A-AC95-38C74469E4F5}"
EndProject
Project("{FAE04EC0-301F-11D3-BF4B-00C04F79EFBC}") = "AuctionService", "src\AuctionService\AuctionService.csproj", "{8441A1BA-8901-4E65-A5E1-599B3905D18D}"
EndProject
Global
	GlobalSection(SolutionConfigurationPlatforms) = preSolution
		Debug|Any CPU = Debug|Any CPU
		Release|Any CPU = Release|Any CPU
	EndGlobalSection
	GlobalSection(SolutionProperties) = preSolution
		HideSolutionNode = FALSE
	EndGlobalSection
	GlobalSection(ProjectConfigurationPlatforms) = postSolution
		{8441A1BA-8901-4E65-A5E1-599B3905D18D}.Debug|Any CPU.ActiveCfg = Debug|Any CPU
		{8441A1BA-8901-4E65-A5E1-599B3905D18D}.Debug|Any CPU.Build.0 = Debug|Any CPU
		{8441A1BA-8901-4E65-A5E1-599B3905D18D}.Release|Any CPU.ActiveCfg = Release|Any CPU
		{8441A1BA-8901-4E65-A5E1-599B3905D18D}.Release|Any CPU.Build.0 = Release|Any CPU
	EndGlobalSection
	GlobalSection(NestedProjects) = preSolution
		{8441A1BA-8901-4E65-A5E1-599B3905D18D} = {01D34277-7648-411A-AC95-38C74469E4F5}
	EndGlobalSection
EndGlobal
